{
    "version": 3,
    "terraform_version": "0.11.14",
    "serial": 35,
    "lineage": "1b85c3f6-12fd-5fd1-239b-23dcf685797b",
    "modules": [
        {
            "path": [
                "root"
            ],
            "outputs": {
                "kea_dhcp_ip": {
                    "sensitive": false,
                    "type": "string",
                    "value": "192.168.122.77"
                }
            },
            "resources": {
                "data.template_file.cloud_init_user_data": {
                    "type": "template_file",
                    "depends_on": [],
                    "primary": {
                        "id": "ba0634a151a5f4e64953515e2ec4cc462412096a6cec4ac75839f2f515585172",
                        "attributes": {
                            "id": "ba0634a151a5f4e64953515e2ec4cc462412096a6cec4ac75839f2f515585172",
                            "rendered": "# CloudInit config\n# vim: syntax=yaml\n#\n# ***********************\n# \t---- for more examples look at: ------\n# ---\u003e https://cloudinit.readthedocs.io/en/latest/topics/examples.html\n# ******************************\n# \nssh_pwauth: True\nchpasswd:\n  list: |\n     root:toor\n  expire: False\ngrowpart:\n  mode: auto\n  devices: ['/']\n",
                            "template": "# CloudInit config\n# vim: syntax=yaml\n#\n# ***********************\n# \t---- for more examples look at: ------\n# ---\u003e https://cloudinit.readthedocs.io/en/latest/topics/examples.html\n# ******************************\n# \nssh_pwauth: True\nchpasswd:\n  list: |\n     root:toor\n  expire: False\ngrowpart:\n  mode: auto\n  devices: ['/']\n"
                        },
                        "meta": {},
                        "tainted": false
                    },
                    "deposed": [],
                    "provider": "provider.template"
                },
                "libvirt_cloudinit_disk.common": {
                    "type": "libvirt_cloudinit_disk",
                    "depends_on": [
                        "data.template_file.cloud_init_user_data"
                    ],
                    "primary": {
                        "id": "/var/lib/libvirt/images/cloud-init-common.iso;5d4ebfd8-2c66-5fd9-3382-61c9f336ea79",
                        "attributes": {
                            "id": "/var/lib/libvirt/images/cloud-init-common.iso;5d4ebfd8-2c66-5fd9-3382-61c9f336ea79",
                            "meta_data": "",
                            "name": "cloud-init-common.iso",
                            "network_config": "",
                            "pool": "default",
                            "user_data": "# CloudInit config\n# vim: syntax=yaml\n#\n# ***********************\n# \t---- for more examples look at: ------\n# ---\u003e https://cloudinit.readthedocs.io/en/latest/topics/examples.html\n# ******************************\n# \nssh_pwauth: True\nchpasswd:\n  list: |\n     root:toor\n  expire: False\ngrowpart:\n  mode: auto\n  devices: ['/']\n"
                        },
                        "meta": {},
                        "tainted": false
                    },
                    "deposed": [],
                    "provider": "provider.libvirt"
                },
                "libvirt_domain.domain_vm_kea_dhcp": {
                    "type": "libvirt_domain",
                    "depends_on": [
                        "libvirt_cloudinit_disk.common",
                        "libvirt_volume.vm_kea_dhcp_qcow2"
                    ],
                    "primary": {
                        "id": "ad5a0337-9dd3-4e52-862e-23019fdbf564",
                        "attributes": {
                            "arch": "x86_64",
                            "autostart": "false",
                            "cloudinit": "/var/lib/libvirt/images/cloud-init-common.iso;5d4ebfd8-2c66-5fd9-3382-61c9f336ea79",
                            "cmdline.#": "0",
                            "console.#": "2",
                            "console.0.source_host": "127.0.0.1",
                            "console.0.source_path": "",
                            "console.0.source_service": "0",
                            "console.0.target_port": "0",
                            "console.0.target_type": "serial",
                            "console.0.type": "pty",
                            "console.1.source_host": "127.0.0.1",
                            "console.1.source_path": "",
                            "console.1.source_service": "0",
                            "console.1.target_port": "1",
                            "console.1.target_type": "virtio",
                            "console.1.type": "tcp",
                            "disk.#": "1",
                            "disk.0.file": "",
                            "disk.0.scsi": "false",
                            "disk.0.url": "",
                            "disk.0.volume_id": "/var/lib/libvirt/images/vm_kea_dhcp_image.qcow2",
                            "disk.0.wwn": "",
                            "emulator": "/usr/bin/qemu-system-x86_64",
                            "firmware": "",
                            "id": "ad5a0337-9dd3-4e52-862e-23019fdbf564",
                            "initrd": "",
                            "kernel": "",
                            "machine": "pc",
                            "memory": "8192",
                            "name": "kea_dhcp",
                            "network_interface.#": "1",
                            "network_interface.0.addresses.#": "1",
                            "network_interface.0.addresses.0": "192.168.122.77",
                            "network_interface.0.bridge": "",
                            "network_interface.0.hostname": "",
                            "network_interface.0.mac": "52:54:00:02:4A:CB",
                            "network_interface.0.macvtap": "",
                            "network_interface.0.network_id": "598f9336-888b-4afc-8a5e-cdbafaf0fc77",
                            "network_interface.0.network_name": "default",
                            "network_interface.0.passthrough": "",
                            "network_interface.0.vepa": "",
                            "network_interface.0.wait_for_lease": "true",
                            "nvram.#": "0",
                            "qemu_agent": "false",
                            "running": "true",
                            "vcpu": "4"
                        },
                        "meta": {
                            "e2bfb730-ecaa-11e6-8f88-34363bc7c4c0": {
                                "create": 300000000000
                            }
                        },
                        "tainted": false
                    },
                    "deposed": [],
                    "provider": "provider.libvirt"
                },
                "libvirt_volume.debian10_openstack_base": {
                    "type": "libvirt_volume",
                    "depends_on": [],
                    "primary": {
                        "id": "/var/lib/libvirt/images/debian10_openstack_base",
                        "attributes": {
                            "format": "qcow2",
                            "id": "/var/lib/libvirt/images/debian10_openstack_base",
                            "name": "debian10_openstack_base",
                            "pool": "default",
                            "size": "2147483648",
                            "source": "https://cdimage.debian.org/cdimage/openstack/current-10/debian-10-openstack-amd64.qcow2"
                        },
                        "meta": {},
                        "tainted": false
                    },
                    "deposed": [],
                    "provider": "provider.libvirt"
                },
                "libvirt_volume.debian10_openstack_base_100G": {
                    "type": "libvirt_volume",
                    "depends_on": [
                        "libvirt_volume.debian10_openstack_base"
                    ],
                    "primary": {
                        "id": "/var/lib/libvirt/images/debian10_openstack_base_100G",
                        "attributes": {
                            "base_volume_id": "/var/lib/libvirt/images/debian10_openstack_base",
                            "format": "qcow2",
                            "id": "/var/lib/libvirt/images/debian10_openstack_base_100G",
                            "name": "debian10_openstack_base_100G",
                            "pool": "default",
                            "size": "107374182400"
                        },
                        "meta": {},
                        "tainted": false
                    },
                    "deposed": [],
                    "provider": "provider.libvirt"
                },
                "libvirt_volume.debian10_openstack_base_10G": {
                    "type": "libvirt_volume",
                    "depends_on": [
                        "libvirt_volume.debian10_openstack_base"
                    ],
                    "primary": {
                        "id": "/var/lib/libvirt/images/debian10_openstack_base_10G",
                        "attributes": {
                            "base_volume_id": "/var/lib/libvirt/images/debian10_openstack_base",
                            "format": "qcow2",
                            "id": "/var/lib/libvirt/images/debian10_openstack_base_10G",
                            "name": "debian10_openstack_base_10G",
                            "pool": "default",
                            "size": "10737418240"
                        },
                        "meta": {},
                        "tainted": false
                    },
                    "deposed": [],
                    "provider": "provider.libvirt"
                },
                "libvirt_volume.debian10_openstack_base_200G": {
                    "type": "libvirt_volume",
                    "depends_on": [
                        "libvirt_volume.debian10_openstack_base"
                    ],
                    "primary": {
                        "id": "/var/lib/libvirt/images/debian10_openstack_base_200G",
                        "attributes": {
                            "base_volume_id": "/var/lib/libvirt/images/debian10_openstack_base",
                            "format": "qcow2",
                            "id": "/var/lib/libvirt/images/debian10_openstack_base_200G",
                            "name": "debian10_openstack_base_200G",
                            "pool": "default",
                            "size": "214748364800"
                        },
                        "meta": {},
                        "tainted": false
                    },
                    "deposed": [],
                    "provider": "provider.libvirt"
                },
                "libvirt_volume.debian10_openstack_base_25G": {
                    "type": "libvirt_volume",
                    "depends_on": [
                        "libvirt_volume.debian10_openstack_base"
                    ],
                    "primary": {
                        "id": "/var/lib/libvirt/images/debian10_openstack_base_25G",
                        "attributes": {
                            "base_volume_id": "/var/lib/libvirt/images/debian10_openstack_base",
                            "format": "qcow2",
                            "id": "/var/lib/libvirt/images/debian10_openstack_base_25G",
                            "name": "debian10_openstack_base_25G",
                            "pool": "default",
                            "size": "26843545600"
                        },
                        "meta": {},
                        "tainted": false
                    },
                    "deposed": [],
                    "provider": "provider.libvirt"
                },
                "libvirt_volume.debian10_openstack_base_300G": {
                    "type": "libvirt_volume",
                    "depends_on": [
                        "libvirt_volume.debian10_openstack_base"
                    ],
                    "primary": {
                        "id": "/var/lib/libvirt/images/debian10_openstack_base_300G",
                        "attributes": {
                            "base_volume_id": "/var/lib/libvirt/images/debian10_openstack_base",
                            "format": "qcow2",
                            "id": "/var/lib/libvirt/images/debian10_openstack_base_300G",
                            "name": "debian10_openstack_base_300G",
                            "pool": "default",
                            "size": "322122547200"
                        },
                        "meta": {},
                        "tainted": false
                    },
                    "deposed": [],
                    "provider": "provider.libvirt"
                },
                "libvirt_volume.debian10_openstack_base_50G": {
                    "type": "libvirt_volume",
                    "depends_on": [
                        "libvirt_volume.debian10_openstack_base"
                    ],
                    "primary": {
                        "id": "/var/lib/libvirt/images/debian10_openstack_base_50G",
                        "attributes": {
                            "base_volume_id": "/var/lib/libvirt/images/debian10_openstack_base",
                            "format": "qcow2",
                            "id": "/var/lib/libvirt/images/debian10_openstack_base_50G",
                            "name": "debian10_openstack_base_50G",
                            "pool": "default",
                            "size": "53687091200"
                        },
                        "meta": {},
                        "tainted": false
                    },
                    "deposed": [],
                    "provider": "provider.libvirt"
                },
                "libvirt_volume.vm_kea_dhcp_qcow2": {
                    "type": "libvirt_volume",
                    "depends_on": [
                        "libvirt_volume.debian10_openstack_base_25G"
                    ],
                    "primary": {
                        "id": "/var/lib/libvirt/images/vm_kea_dhcp_image.qcow2",
                        "attributes": {
                            "base_volume_id": "/var/lib/libvirt/images/debian10_openstack_base_25G",
                            "format": "qcow2",
                            "id": "/var/lib/libvirt/images/vm_kea_dhcp_image.qcow2",
                            "name": "vm_kea_dhcp_image.qcow2",
                            "pool": "default",
                            "size": "26843545600"
                        },
                        "meta": {},
                        "tainted": false
                    },
                    "deposed": [],
                    "provider": "provider.libvirt"
                }
            },
            "depends_on": []
        }
    ]
}
